
Microsoft Visual Studio Solution File, Format Version 12.00
# Visual Studio Version 17
VisualStudioVersion = 17.6.33829.357
MinimumVisualStudioVersion = 10.0.40219.1
Project("{FAE04EC0-301F-11D3-BF4B-00C04F79EFBC}") = "Fundamentos", "Fundamentos\Fundamentos.csproj", "{B86C7011-549C-4CD5-ACD9-D3E075FB8981}"
EndProject
Global
	GlobalSection(SolutionConfigurationPlatforms) = preSolution
		Debug|Any CPU = Debug|Any CPU
		Release|Any CPU = Release|Any CPU
	EndGlobalSection
	GlobalSection(ProjectConfigurationPlatforms) = postSolution
		{B86C7011-549C-4CD5-ACD9-D3E075FB8981}.Debug|Any CPU.ActiveCfg = Debug|Any CPU
		{B86C7011-549C-4CD5-ACD9-D3E075FB8981}.Debug|Any CPU.Build.0 = Debug|Any CPU
		{B86C7011-549C-4CD5-ACD9-D3E075FB8981}.Release|Any CPU.ActiveCfg = Release|Any CPU
		{B86C7011-549C-4CD5-ACD9-D3E075FB8981}.Release|Any CPU.Build.0 = Release|Any CPU
	EndGlobalSection
	GlobalSection(SolutionProperties) = preSolution
		HideSolutionNode = FALSE
	EndGlobalSection
	GlobalSection(ExtensibilityGlobals) = postSolution
		SolutionGuid = {46740EA5-14E4-4E93-B1E7-C6433F58093F}
	EndGlobalSection
EndGlobal
